
Microsoft Visual Studio Solution File, Format Version 12.00
# Visual Studio Version 16
VisualStudioVersion = 16.0.29001.49
MinimumVisualStudioVersion = 10.0.40219.1
Project("{FAE04EC0-301F-11D3-BF4B-00C04F79EFBC}") = "MvcNews", "MvcNews\MvcNews.csproj", "{73419B4C-C900-4DD5-A98F-DAED5705B78B}"
EndProject
Global
	GlobalSection(SolutionConfigurationPlatforms) = preSolution
		Debug|Any CPU = Debug|Any CPU
		Release|Any CPU = Release|Any CPU
	EndGlobalSection
	GlobalSection(ProjectConfigurationPlatforms) = postSolution
		{73419B4C-C900-4DD5-A98F-DAED5705B78B}.Debug|Any CPU.ActiveCfg = Debug|Any CPU
		{73419B4C-C900-4DD5-A98F-DAED5705B78B}.Debug|Any CPU.Build.0 = Debug|Any CPU
		{73419B4C-C900-4DD5-A98F-DAED5705B78B}.Release|Any CPU.ActiveCfg = Release|Any CPU
		{73419B4C-C900-4DD5-A98F-DAED5705B78B}.Release|Any CPU.Build.0 = Release|Any CPU
	EndGlobalSection
	GlobalSection(SolutionProperties) = preSolution
		HideSolutionNode = FALSE
	EndGlobalSection
	GlobalSection(ExtensibilityGlobals) = postSolution
		SolutionGuid = {C7069BB9-8347-434C-BF46-47E195E635CC}
	EndGlobalSection
EndGlobal
